
Microsoft Visual Studio Solution File, Format Version 12.00
# Visual Studio 15
Project("{FAE04EC0-301F-11D3-BF4B-00C04F79EFBC}") = "UnityEngine.UI", "UnityEngine.UI.csproj", "{64A5D589-5B13-263A-8ECF-DBB06690F043}"
EndProject
Project("{FAE04EC0-301F-11D3-BF4B-00C04F79EFBC}") = "Unity.RenderPipelines.Core.Runtime", "Unity.RenderPipelines.Core.Runtime.csproj", "{3890CC71-7108-7559-DADE-16BBC127CEEA}"
EndProject
Project("{FAE04EC0-301F-11D3-BF4B-00C04F79EFBC}") = "Unity.RenderPipelines.HighDefinition.Runtime", "Unity.RenderPipelines.HighDefinition.Runtime.csproj", "{E7571E23-0544-DB0F-E9A0-C97151A0C3E7}"
EndProject
Project("{FAE04EC0-301F-11D3-BF4B-00C04F79EFBC}") = "Unity.Services.Core.Telemetry", "Unity.Services.Core.Telemetry.csproj", "{52FD82B4-FD69-0811-FB30-1A7000252F56}"
EndProject
Project("{FAE04EC0-301F-11D3-BF4B-00C04F79EFBC}") = "UnityEngine.TestRunner", "UnityEngine.TestRunner.csproj", "{CEDC67E7-D856-EDE9-F2FF-40ADE621BAE7}"
EndProject
Project("{FAE04EC0-301F-11D3-BF4B-00C04F79EFBC}") = "Unity.InputSystem", "Unity.InputSystem.csproj", "{A82F0965-FD35-6546-7E28-A3D15114AE17}"
EndProject
Project("{FAE04EC0-301F-11D3-BF4B-00C04F79EFBC}") = "Unity.VisualScripting.State", "Unity.VisualScripting.State.csproj", "{31FEE667-16AC-3F72-8864-0A470DE47B3C}"
EndProject
Project("{FAE04EC0-301F-11D3-BF4B-00C04F79EFBC}") = "Unity.VisualScripting.Flow", "Unity.VisualScripting.Flow.csproj", "{A94C3988-FCB0-3C8A-CC55-C4C9F9B53477}"
EndProject
Project("{FAE04EC0-301F-11D3-BF4B-00C04F79EFBC}") = "Unity.VisualScripting.Core", "Unity.VisualScripting.Core.csproj", "{A7CA2127-9A10-1D67-7D7B-BB43330B58B1}"
EndProject
Project("{FAE04EC0-301F-11D3-BF4B-00C04F79EFBC}") = "Unity.Services.Core.Environments.Internal", "Unity.Services.Core.Environments.Internal.csproj", "{369FE821-D0B0-FCAB-4C2C-2EA9127895A4}"
EndProject
Project("{FAE04EC0-301F-11D3-BF4B-00C04F79EFBC}") = "Unity.TextMeshPro", "Unity.TextMeshPro.csproj", "{FA39FB3E-4561-9609-1832-66006DD4FFB7}"
EndProject
Project("{FAE04EC0-301F-11D3-BF4B-00C04F79EFBC}") = "Unity.Burst", "Unity.Burst.csproj", "{C6B89AE3-BF36-0BCA-9802-62D56BFF3F74}"
EndProject
Project("{FAE04EC0-301F-11D3-BF4B-00C04F79EFBC}") = "Cinemachine", "Cinemachine.csproj", "{D32F6664-B378-F1C3-4BCA-69DF2C79462F}"
EndProject
Project("{FAE04EC0-301F-11D3-BF4B-00C04F79EFBC}") = "Unity.Services.Core.Environments", "Unity.Services.Core.Environments.csproj", "{0D467778-CB56-E981-6A61-DCDFAB2390E2}"
EndProject
Project("{FAE04EC0-301F-11D3-BF4B-00C04F79EFBC}") = "Assembly-CSharp", "Assembly-CSharp.csproj", "{3BD1DA3D-5011-D04E-7EA7-DE45DBDBCA0D}"
EndProject
Project("{FAE04EC0-301F-11D3-BF4B-00C04F79EFBC}") = "Unity.Services.Core.Internal", "Unity.Services.Core.Internal.csproj", "{A355DA21-C5EC-57DE-780A-C888C5B662E0}"
EndProject
Project("{FAE04EC0-301F-11D3-BF4B-00C04F79EFBC}") = "Unity.Timeline", "Unity.Timeline.csproj", "{F7816116-7740-44C9-D268-AF3880C03AAE}"
EndProject
Project("{FAE04EC0-301F-11D3-BF4B-00C04F79EFBC}") = "Unity.Mathematics", "Unity.Mathematics.csproj", "{B042E72D-6FCB-2636-25E4-4A409EED609E}"
EndProject
Project("{FAE04EC0-301F-11D3-BF4B-00C04F79EFBC}") = "Unity.VisualEffectGraph.Runtime", "Unity.VisualEffectGraph.Runtime.csproj", "{517B7B2A-3C6C-B939-AAD6-3163CF99F66F}"
EndProject
Project("{FAE04EC0-301F-11D3-BF4B-00C04F79EFBC}") = "Unity.Services.Core.Scheduler", "Unity.Services.Core.Scheduler.csproj", "{090A8AE0-CAAE-C8A2-2186-AF268C83C07D}"
EndProject
Project("{FAE04EC0-301F-11D3-BF4B-00C04F79EFBC}") = "Unity.Services.Core.Device", "Unity.Services.Core.Device.csproj", "{3D4CA660-8B26-C8A1-52D6-F567E9AE9F00}"
EndProject
Project("{FAE04EC0-301F-11D3-BF4B-00C04F79EFBC}") = "Unity.Services.Core.Analytics", "Unity.Services.Core.Analytics.csproj", "{E57F19CE-421A-719C-80D3-8EB9DF796E6C}"
EndProject
Project("{FAE04EC0-301F-11D3-BF4B-00C04F79EFBC}") = "Unity.Services.Core.Configuration", "Unity.Services.Core.Configuration.csproj", "{8B2C44A0-D12C-B7CA-98F2-1A79AEA58669}"
EndProject
Project("{FAE04EC0-301F-11D3-BF4B-00C04F79EFBC}") = "Unity.Services.Core.Threading", "Unity.Services.Core.Threading.csproj", "{69BE1F52-A18F-9D92-EF17-822BFC86704F}"
EndProject
Project("{FAE04EC0-301F-11D3-BF4B-00C04F79EFBC}") = "Unity.Services.Core", "Unity.Services.Core.csproj", "{DBE5A1CA-6D46-5260-0CD2-4A6C63A01E82}"
EndProject
Project("{FAE04EC0-301F-11D3-BF4B-00C04F79EFBC}") = "Unity.Services.Core.Networking", "Unity.Services.Core.Networking.csproj", "{5BDD3D4F-24FA-C46B-095B-36D9674EA309}"
EndProject
Project("{FAE04EC0-301F-11D3-BF4B-00C04F79EFBC}") = "Unity.Services.Core.Registration", "Unity.Services.Core.Registration.csproj", "{3AE6B25F-610C-F199-6E9E-E6D837D59556}"
EndProject
Project("{FAE04EC0-301F-11D3-BF4B-00C04F79EFBC}") = "Unity.RenderPipelines.ShaderGraph.ShaderGraphLibrary", "Unity.RenderPipelines.ShaderGraph.ShaderGraphLibrary.csproj", "{6191D424-D51B-1866-5529-D9D4E5020DCA}"
EndProject
Project("{FAE04EC0-301F-11D3-BF4B-00C04F79EFBC}") = "Unity.RenderPipelines.Core.ShaderLibrary", "Unity.RenderPipelines.Core.ShaderLibrary.csproj", "{13B0FB76-69C9-75B2-2F8F-A897D3A8DDE2}"
EndProject
Project("{FAE04EC0-301F-11D3-BF4B-00C04F79EFBC}") = "Unity.RenderPipelines.HighDefinition.Config.Runtime", "Unity.RenderPipelines.HighDefinition.Config.Runtime.csproj", "{94456020-FB63-8D72-AE80-746AD251CE6D}"
EndProject
Project("{FAE04EC0-301F-11D3-BF4B-00C04F79EFBC}") = "Unity.PlasticSCM.Editor", "Unity.PlasticSCM.Editor.csproj", "{0C281E3F-F062-7345-D86C-0AC44800692B}"
EndProject
Project("{FAE04EC0-301F-11D3-BF4B-00C04F79EFBC}") = "Unity.VisualScripting.Core.Editor", "Unity.VisualScripting.Core.Editor.csproj", "{5E09F71D-E62D-6794-0BC0-441AF399E659}"
EndProject
Project("{FAE04EC0-301F-11D3-BF4B-00C04F79EFBC}") = "Unity.ShaderGraph.Editor", "Unity.ShaderGraph.Editor.csproj", "{86BB05CF-D382-03CA-FB32-E15C74A1702F}"
EndProject
Project("{FAE04EC0-301F-11D3-BF4B-00C04F79EFBC}") = "Unity.Timeline.Editor", "Unity.Timeline.Editor.csproj", "{83F8EFCE-A2BC-9852-98C5-A7FB25DBDF95}"
EndProject
Project("{FAE04EC0-301F-11D3-BF4B-00C04F79EFBC}") = "Unity.VisualEffectGraph.Editor", "Unity.VisualEffectGraph.Editor.csproj", "{12DD6B11-BA4E-476A-08B6-3FF90215378E}"
EndProject
Project("{FAE04EC0-301F-11D3-BF4B-00C04F79EFBC}") = "com.unity.cinemachine.editor", "com.unity.cinemachine.editor.csproj", "{04CF7D45-D636-569A-8735-6CE4379B3041}"
EndProject
Project("{FAE04EC0-301F-11D3-BF4B-00C04F79EFBC}") = "Unity.TextMeshPro.Editor", "Unity.TextMeshPro.Editor.csproj", "{3CFD7CD1-E2DE-C14B-02BA-C92A05BB4E50}"
EndProject
Project("{FAE04EC0-301F-11D3-BF4B-00C04F79EFBC}") = "Unity.VisualScripting.SettingsProvider.Editor", "Unity.VisualScripting.SettingsProvider.Editor.csproj", "{9FA2CA38-D389-0DCD-F558-858689DC5BF9}"
EndProject
Project("{FAE04EC0-301F-11D3-BF4B-00C04F79EFBC}") = "Unity.RenderPipelines.HighDefinition.Editor", "Unity.RenderPipelines.HighDefinition.Editor.csproj", "{1FBA5441-AB6C-04FF-FA36-ABBDBA984E8B}"
EndProject
Project("{FAE04EC0-301F-11D3-BF4B-00C04F79EFBC}") = "UnityEditor.TestRunner", "UnityEditor.TestRunner.csproj", "{289A3A2A-1C33-245E-40ED-AC96EF79D658}"
EndProject
Project("{FAE04EC0-301F-11D3-BF4B-00C04F79EFBC}") = "Unity.TestTools.CodeCoverage.Editor", "Unity.TestTools.CodeCoverage.Editor.csproj", "{18DA5512-4418-BFCA-B801-070A6D203306}"
EndProject
Project("{FAE04EC0-301F-11D3-BF4B-00C04F79EFBC}") = "Unity.VisualScripting.Flow.Editor", "Unity.VisualScripting.Flow.Editor.csproj", "{A49DFE19-F784-DB4F-F144-3AB5832BF65C}"
EndProject
Project("{FAE04EC0-301F-11D3-BF4B-00C04F79EFBC}") = "Unity.Rider.Editor", "Unity.Rider.Editor.csproj", "{6BCF0259-9CFB-7949-BF8D-FC28AF22FE7D}"
EndProject
Project("{FAE04EC0-301F-11D3-BF4B-00C04F79EFBC}") = "Unity.CollabProxy.Editor", "Unity.CollabProxy.Editor.csproj", "{52DA75D4-19C4-88A9-6BBE-5D1511FDDFA1}"
EndProject
Project("{FAE04EC0-301F-11D3-BF4B-00C04F79EFBC}") = "Unity.Performance.Profile-Analyzer.Editor", "Unity.Performance.Profile-Analyzer.Editor.csproj", "{BD8B926F-A3FF-1D82-93E6-634CBD7EC54D}"
EndProject
Project("{FAE04EC0-301F-11D3-BF4B-00C04F79EFBC}") = "Unity.RenderPipelines.Core.Editor", "Unity.RenderPipelines.Core.Editor.csproj", "{3266DE2B-BECC-0C79-8F38-8476AFDB3A95}"
EndProject
Project("{FAE04EC0-301F-11D3-BF4B-00C04F79EFBC}") = "Unity.Services.Core.Editor", "Unity.Services.Core.Editor.csproj", "{7A5FAA09-29DD-176B-58E8-901AE7E0C96E}"
EndProject
Project("{FAE04EC0-301F-11D3-BF4B-00C04F79EFBC}") = "Unity.SysrootPackage.Editor", "Unity.SysrootPackage.Editor.csproj", "{345C8BAE-7CFB-5CFB-C037-161686A3DC39}"
EndProject
Project("{FAE04EC0-301F-11D3-BF4B-00C04F79EFBC}") = "Unity.Burst.CodeGen", "Unity.Burst.CodeGen.csproj", "{7B46AD42-91CB-E677-920D-D295E793FA9C}"
EndProject
Project("{FAE04EC0-301F-11D3-BF4B-00C04F79EFBC}") = "Unity.Toolchain.Win-x86_64-Linux-x86_64", "Unity.Toolchain.Win-x86_64-Linux-x86_64.csproj", "{E9A3069C-7B95-2FE6-61C2-3D7EBE0229F1}"
EndProject
Project("{FAE04EC0-301F-11D3-BF4B-00C04F79EFBC}") = "Unity.VSCode.Editor", "Unity.VSCode.Editor.csproj", "{21EC02DB-A0BD-13BE-177D-A7BAD97FA636}"
EndProject
Project("{FAE04EC0-301F-11D3-BF4B-00C04F79EFBC}") = "Unity.VisualStudio.Editor", "Unity.VisualStudio.Editor.csproj", "{673973AE-E54E-EBDD-1620-9628BDB6E4C2}"
EndProject
Project("{FAE04EC0-301F-11D3-BF4B-00C04F79EFBC}") = "Unity.TestTools.CodeCoverage.Editor.OpenCover.Model", "Unity.TestTools.CodeCoverage.Editor.OpenCover.Model.csproj", "{501A3C55-27E8-7D19-F103-E2EDE8220736}"
EndProject
Project("{FAE04EC0-301F-11D3-BF4B-00C04F79EFBC}") = "Unity.Settings.Editor", "Unity.Settings.Editor.csproj", "{0219806A-4150-3BA0-1854-4B7CCCBB0EA9}"
EndProject
Project("{FAE04EC0-301F-11D3-BF4B-00C04F79EFBC}") = "Unity.VisualScripting.State.Editor", "Unity.VisualScripting.State.Editor.csproj", "{C1F8B4D0-9DF3-B4B7-E652-73B46A7779FB}"
EndProject
Project("{FAE04EC0-301F-11D3-BF4B-00C04F79EFBC}") = "UnityEditor.UI", "UnityEditor.UI.csproj", "{D5E246C3-4B16-29EA-9AF6-D7A9269FCBDE}"
EndProject
Project("{FAE04EC0-301F-11D3-BF4B-00C04F79EFBC}") = "Unity.Searcher.Editor", "Unity.Searcher.Editor.csproj", "{8E14E07F-700E-7AE2-026B-5C0D1E2D19A8}"
EndProject
Project("{FAE04EC0-301F-11D3-BF4B-00C04F79EFBC}") = "Unity.Services.Core.Configuration.Editor", "Unity.Services.Core.Configuration.Editor.csproj", "{FB0CAC63-511A-AFEC-719D-5D8FE3B404FD}"
EndProject
Project("{FAE04EC0-301F-11D3-BF4B-00C04F79EFBC}") = "Unity.Burst.Editor", "Unity.Burst.Editor.csproj", "{716F55B9-4E36-81E0-9B6D-9B91ADC9C683}"
EndProject
Project("{FAE04EC0-301F-11D3-BF4B-00C04F79EFBC}") = "Unity.ShaderGraph.Utilities", "Unity.ShaderGraph.Utilities.csproj", "{991DFB62-73D8-B40A-25E7-16A477315045}"
EndProject
Project("{FAE04EC0-301F-11D3-BF4B-00C04F79EFBC}") = "Unity.Sysroot.Linux_x86_64", "Unity.Sysroot.Linux_x86_64.csproj", "{12081CFF-21BB-1B89-3387-D10AE3411496}"
EndProject
Project("{FAE04EC0-301F-11D3-BF4B-00C04F79EFBC}") = "Unity.Mathematics.Editor", "Unity.Mathematics.Editor.csproj", "{85E9EE76-839E-5798-C581-70BE4B949D64}"
EndProject
Project("{FAE04EC0-301F-11D3-BF4B-00C04F79EFBC}") = "Unity.TestTools.CodeCoverage.Editor.OpenCover.Mono.Reflection", "Unity.TestTools.CodeCoverage.Editor.OpenCover.Mono.Reflection.csproj", "{FF62A279-FAD6-E66C-8B19-960645FFBAA9}"
EndProject
Project("{FAE04EC0-301F-11D3-BF4B-00C04F79EFBC}") = "Unity.EditorCoroutines.Editor", "Unity.EditorCoroutines.Editor.csproj", "{3768170B-CDF4-53BE-DEA5-863D7ABA30EC}"
EndProject
Project("{FAE04EC0-301F-11D3-BF4B-00C04F79EFBC}") = "Unity.VisualScripting.Shared.Editor", "Unity.VisualScripting.Shared.Editor.csproj", "{3D57DB8E-7BD4-D920-F0C0-4A0B5C73D012}"
EndProject
Project("{FAE04EC0-301F-11D3-BF4B-00C04F79EFBC}") = "UnityEngine.UI", "UnityEngine.UI.Player.csproj", "{D0D3FA5C-BFE2-04A3-B39C-23ACAF9C0B37}"
EndProject
Project("{FAE04EC0-301F-11D3-BF4B-00C04F79EFBC}") = "Unity.RenderPipelines.Core.Runtime", "Unity.RenderPipelines.Core.Runtime.Player.csproj", "{806C9621-CECF-508F-D5C1-68C1BB5B9A5F}"
EndProject
Project("{FAE04EC0-301F-11D3-BF4B-00C04F79EFBC}") = "Unity.RenderPipelines.HighDefinition.Runtime", "Unity.RenderPipelines.HighDefinition.Runtime.Player.csproj", "{6C972B64-0216-3778-547D-75E928A2B02D}"
EndProject
Project("{FAE04EC0-301F-11D3-BF4B-00C04F79EFBC}") = "Unity.Services.Core.Telemetry", "Unity.Services.Core.Telemetry.Player.csproj", "{E2F899B2-D830-6525-9EA4-69DB9C179301}"
EndProject
Project("{FAE04EC0-301F-11D3-BF4B-00C04F79EFBC}") = "UnityEngine.TestRunner", "UnityEngine.TestRunner.Player.csproj", "{BE607C54-C7AA-2567-BFB7-75BE80EB1C4B}"
EndProject
Project("{FAE04EC0-301F-11D3-BF4B-00C04F79EFBC}") = "Unity.InputSystem", "Unity.InputSystem.Player.csproj", "{EFF0B231-B135-FA09-2793-19ABB7622BFC}"
EndProject
Project("{FAE04EC0-301F-11D3-BF4B-00C04F79EFBC}") = "Unity.VisualScripting.State", "Unity.VisualScripting.State.Player.csproj", "{20A7019F-9713-7047-EFB9-D5849DEBCB1A}"
EndProject
Project("{FAE04EC0-301F-11D3-BF4B-00C04F79EFBC}") = "Unity.VisualScripting.Flow", "Unity.VisualScripting.Flow.Player.csproj", "{165DA004-9F00-3E41-5A31-77AE74CA3C17}"
EndProject
Project("{FAE04EC0-301F-11D3-BF4B-00C04F79EFBC}") = "Unity.VisualScripting.Core", "Unity.VisualScripting.Core.Player.csproj", "{936CCBD8-C821-8C42-65BB-F3BD9539A473}"
EndProject
Project("{FAE04EC0-301F-11D3-BF4B-00C04F79EFBC}") = "Unity.Services.Core.Environments.Internal", "Unity.Services.Core.Environments.Internal.Player.csproj", "{2F83672C-BD14-FC51-72EA-79C87198EDB6}"
EndProject
Project("{FAE04EC0-301F-11D3-BF4B-00C04F79EFBC}") = "Unity.TextMeshPro", "Unity.TextMeshPro.Player.csproj", "{06D57AF6-D866-3F0E-1099-360CC72A4AD6}"
EndProject
Project("{FAE04EC0-301F-11D3-BF4B-00C04F79EFBC}") = "Unity.Burst", "Unity.Burst.Player.csproj", "{8F365748-07F6-18A7-1A0B-FF005A764029}"
EndProject
Project("{FAE04EC0-301F-11D3-BF4B-00C04F79EFBC}") = "Cinemachine", "Cinemachine.Player.csproj", "{64F978D2-91E0-72F8-142D-FEABF6ED0F8C}"
EndProject
Project("{FAE04EC0-301F-11D3-BF4B-00C04F79EFBC}") = "Unity.Services.Core.Environments", "Unity.Services.Core.Environments.Player.csproj", "{E4421510-5D7E-A09B-5294-43C91AA8BD0F}"
EndProject
Project("{FAE04EC0-301F-11D3-BF4B-00C04F79EFBC}") = "Assembly-CSharp", "Assembly-CSharp.Player.csproj", "{CDCDE063-8D97-8E24-FF6B-19888D4936C1}"
EndProject
Project("{FAE04EC0-301F-11D3-BF4B-00C04F79EFBC}") = "Unity.Services.Core.Internal", "Unity.Services.Core.Internal.Player.csproj", "{EB936AEE-3583-99B3-9BC9-162EE4777A9D}"
EndProject
Project("{FAE04EC0-301F-11D3-BF4B-00C04F79EFBC}") = "Unity.Timeline", "Unity.Timeline.Player.csproj", "{D23FBBF6-3231-7301-85FF-3CE418C3D5C8}"
EndProject
Project("{FAE04EC0-301F-11D3-BF4B-00C04F79EFBC}") = "Unity.Mathematics", "Unity.Mathematics.Player.csproj", "{F95A1CD6-F657-9016-A6CC-CA451C242EAF}"
EndProject
Project("{FAE04EC0-301F-11D3-BF4B-00C04F79EFBC}") = "Unity.VisualEffectGraph.Runtime", "Unity.VisualEffectGraph.Runtime.Player.csproj", "{8A603622-541A-9E3F-DA79-1969FAA8D0BA}"
EndProject
Project("{FAE04EC0-301F-11D3-BF4B-00C04F79EFBC}") = "Unity.Services.Core.Scheduler", "Unity.Services.Core.Scheduler.Player.csproj", "{168281C9-BD12-527A-2F44-F0FFB9632C5D}"
EndProject
Project("{FAE04EC0-301F-11D3-BF4B-00C04F79EFBC}") = "Unity.Services.Core.Device", "Unity.Services.Core.Device.Player.csproj", "{23227A9D-CDF5-0437-F939-F7A5FD16CF4A}"
EndProject
Project("{FAE04EC0-301F-11D3-BF4B-00C04F79EFBC}") = "Unity.Services.Core.Analytics", "Unity.Services.Core.Analytics.Player.csproj", "{CAFA5F3F-3BAF-8652-D26B-50A285E1931C}"
EndProject
Project("{FAE04EC0-301F-11D3-BF4B-00C04F79EFBC}") = "Unity.Services.Core.Configuration", "Unity.Services.Core.Configuration.Player.csproj", "{C1DFE987-1692-3934-0D8D-91A053167034}"
EndProject
Project("{FAE04EC0-301F-11D3-BF4B-00C04F79EFBC}") = "Unity.Services.Core.Threading", "Unity.Services.Core.Threading.Player.csproj", "{D6F7D249-8E32-3B62-5791-A031B596F599}"
EndProject
Project("{FAE04EC0-301F-11D3-BF4B-00C04F79EFBC}") = "Unity.Services.Core", "Unity.Services.Core.Player.csproj", "{AF71A375-7883-3B7B-42E1-D7F16F8B999D}"
EndProject
Project("{FAE04EC0-301F-11D3-BF4B-00C04F79EFBC}") = "Unity.Services.Core.Networking", "Unity.Services.Core.Networking.Player.csproj", "{374B8778-2411-8682-2E68-80CC3DB649FF}"
EndProject
Project("{FAE04EC0-301F-11D3-BF4B-00C04F79EFBC}") = "Unity.Services.Core.Registration", "Unity.Services.Core.Registration.Player.csproj", "{7D51825E-C41F-096D-5C35-DB3A0B653E08}"
EndProject
Project("{FAE04EC0-301F-11D3-BF4B-00C04F79EFBC}") = "Unity.RenderPipelines.ShaderGraph.ShaderGraphLibrary", "Unity.RenderPipelines.ShaderGraph.ShaderGraphLibrary.Player.csproj", "{1021F038-398D-A18E-5766-762680A7105A}"
EndProject
Project("{FAE04EC0-301F-11D3-BF4B-00C04F79EFBC}") = "Unity.RenderPipelines.Core.ShaderLibrary", "Unity.RenderPipelines.Core.ShaderLibrary.Player.csproj", "{FCC59588-B66A-6709-71BE-CA0EEC01912D}"
EndProject
Project("{FAE04EC0-301F-11D3-BF4B-00C04F79EFBC}") = "Unity.RenderPipelines.HighDefinition.Config.Runtime", "Unity.RenderPipelines.HighDefinition.Config.Runtime.Player.csproj", "{CBEC3523-476B-5456-6F15-7AAA4B6EE89F}"
EndProject
Global
	GlobalSection(SolutionConfigurationPlatforms) = preSolution
		Debug|Any CPU = Debug|Any CPU
		Release|Any CPU = Release|Any CPU
	EndGlobalSection
	GlobalSection(ProjectConfigurationPlatforms) = postSolution
		{64A5D589-5B13-263A-8ECF-DBB06690F043}.Debug|Any CPU.ActiveCfg = Debug|Any CPU
		{64A5D589-5B13-263A-8ECF-DBB06690F043}.Debug|Any CPU.Build.0 = Debug|Any CPU
		{64A5D589-5B13-263A-8ECF-DBB06690F043}.Release|Any CPU.ActiveCfg = Release|Any CPU
		{64A5D589-5B13-263A-8ECF-DBB06690F043}.Release|Any CPU.Build.0 = Release|Any CPU
		{3890CC71-7108-7559-DADE-16BBC127CEEA}.Debug|Any CPU.ActiveCfg = Debug|Any CPU
		{3890CC71-7108-7559-DADE-16BBC127CEEA}.Debug|Any CPU.Build.0 = Debug|Any CPU
		{3890CC71-7108-7559-DADE-16BBC127CEEA}.Release|Any CPU.ActiveCfg = Release|Any CPU
		{3890CC71-7108-7559-DADE-16BBC127CEEA}.Release|Any CPU.Build.0 = Release|Any CPU
		{E7571E23-0544-DB0F-E9A0-C97151A0C3E7}.Debug|Any CPU.ActiveCfg = Debug|Any CPU
		{E7571E23-0544-DB0F-E9A0-C97151A0C3E7}.Debug|Any CPU.Build.0 = Debug|Any CPU
		{E7571E23-0544-DB0F-E9A0-C97151A0C3E7}.Release|Any CPU.ActiveCfg = Release|Any CPU
		{E7571E23-0544-DB0F-E9A0-C97151A0C3E7}.Release|Any CPU.Build.0 = Release|Any CPU
		{52FD82B4-FD69-0811-FB30-1A7000252F56}.Debug|Any CPU.ActiveCfg = Debug|Any CPU
		{52FD82B4-FD69-0811-FB30-1A7000252F56}.Debug|Any CPU.Build.0 = Debug|Any CPU
		{52FD82B4-FD69-0811-FB30-1A7000252F56}.Release|Any CPU.ActiveCfg = Release|Any CPU
		{52FD82B4-FD69-0811-FB30-1A7000252F56}.Release|Any CPU.Build.0 = Release|Any CPU
		{CEDC67E7-D856-EDE9-F2FF-40ADE621BAE7}.Debug|Any CPU.ActiveCfg = Debug|Any CPU
		{CEDC67E7-D856-EDE9-F2FF-40ADE621BAE7}.Debug|Any CPU.Build.0 = Debug|Any CPU
		{CEDC67E7-D856-EDE9-F2FF-40ADE621BAE7}.Release|Any CPU.ActiveCfg = Release|Any CPU
		{CEDC67E7-D856-EDE9-F2FF-40ADE621BAE7}.Release|Any CPU.Build.0 = Release|Any CPU
		{A82F0965-FD35-6546-7E28-A3D15114AE17}.Debug|Any CPU.ActiveCfg = Debug|Any CPU
		{A82F0965-FD35-6546-7E28-A3D15114AE17}.Debug|Any CPU.Build.0 = Debug|Any CPU
		{A82F0965-FD35-6546-7E28-A3D15114AE17}.Release|Any CPU.ActiveCfg = Release|Any CPU
		{A82F0965-FD35-6546-7E28-A3D15114AE17}.Release|Any CPU.Build.0 = Release|Any CPU
		{31FEE667-16AC-3F72-8864-0A470DE47B3C}.Debug|Any CPU.ActiveCfg = Debug|Any CPU
		{31FEE667-16AC-3F72-8864-0A470DE47B3C}.Debug|Any CPU.Build.0 = Debug|Any CPU
		{31FEE667-16AC-3F72-8864-0A470DE47B3C}.Release|Any CPU.ActiveCfg = Release|Any CPU
		{31FEE667-16AC-3F72-8864-0A470DE47B3C}.Release|Any CPU.Build.0 = Release|Any CPU
		{A94C3988-FCB0-3C8A-CC55-C4C9F9B53477}.Debug|Any CPU.ActiveCfg = Debug|Any CPU
		{A94C3988-FCB0-3C8A-CC55-C4C9F9B53477}.Debug|Any CPU.Build.0 = Debug|Any CPU
		{A94C3988-FCB0-3C8A-CC55-C4C9F9B53477}.Release|Any CPU.ActiveCfg = Release|Any CPU
		{A94C3988-FCB0-3C8A-CC55-C4C9F9B53477}.Release|Any CPU.Build.0 = Release|Any CPU
		{A7CA2127-9A10-1D67-7D7B-BB43330B58B1}.Debug|Any CPU.ActiveCfg = Debug|Any CPU
		{A7CA2127-9A10-1D67-7D7B-BB43330B58B1}.Debug|Any CPU.Build.0 = Debug|Any CPU
		{A7CA2127-9A10-1D67-7D7B-BB43330B58B1}.Release|Any CPU.ActiveCfg = Release|Any CPU
		{A7CA2127-9A10-1D67-7D7B-BB43330B58B1}.Release|Any CPU.Build.0 = Release|Any CPU
		{369FE821-D0B0-FCAB-4C2C-2EA9127895A4}.Debug|Any CPU.ActiveCfg = Debug|Any CPU
		{369FE821-D0B0-FCAB-4C2C-2EA9127895A4}.Debug|Any CPU.Build.0 = Debug|Any CPU
		{369FE821-D0B0-FCAB-4C2C-2EA9127895A4}.Release|Any CPU.ActiveCfg = Release|Any CPU
		{369FE821-D0B0-FCAB-4C2C-2EA9127895A4}.Release|Any CPU.Build.0 = Release|Any CPU
		{FA39FB3E-4561-9609-1832-66006DD4FFB7}.Debug|Any CPU.ActiveCfg = Debug|Any CPU
		{FA39FB3E-4561-9609-1832-66006DD4FFB7}.Debug|Any CPU.Build.0 = Debug|Any CPU
		{FA39FB3E-4561-9609-1832-66006DD4FFB7}.Release|Any CPU.ActiveCfg = Release|Any CPU
		{FA39FB3E-4561-9609-1832-66006DD4FFB7}.Release|Any CPU.Build.0 = Release|Any CPU
		{C6B89AE3-BF36-0BCA-9802-62D56BFF3F74}.Debug|Any CPU.ActiveCfg = Debug|Any CPU
		{C6B89AE3-BF36-0BCA-9802-62D56BFF3F74}.Debug|Any CPU.Build.0 = Debug|Any CPU
		{C6B89AE3-BF36-0BCA-9802-62D56BFF3F74}.Release|Any CPU.ActiveCfg = Release|Any CPU
		{C6B89AE3-BF36-0BCA-9802-62D56BFF3F74}.Release|Any CPU.Build.0 = Release|Any CPU
		{D32F6664-B378-F1C3-4BCA-69DF2C79462F}.Debug|Any CPU.ActiveCfg = Debug|Any CPU
		{D32F6664-B378-F1C3-4BCA-69DF2C79462F}.Debug|Any CPU.Build.0 = Debug|Any CPU
		{D32F6664-B378-F1C3-4BCA-69DF2C79462F}.Release|Any CPU.ActiveCfg = Release|Any CPU
		{D32F6664-B378-F1C3-4BCA-69DF2C79462F}.Release|Any CPU.Build.0 = Release|Any CPU
		{0D467778-CB56-E981-6A61-DCDFAB2390E2}.Debug|Any CPU.ActiveCfg = Debug|Any CPU
		{0D467778-CB56-E981-6A61-DCDFAB2390E2}.Debug|Any CPU.Build.0 = Debug|Any CPU
		{0D467778-CB56-E981-6A61-DCDFAB2390E2}.Release|Any CPU.ActiveCfg = Release|Any CPU
		{0D467778-CB56-E981-6A61-DCDFAB2390E2}.Release|Any CPU.Build.0 = Release|Any CPU
		{3BD1DA3D-5011-D04E-7EA7-DE45DBDBCA0D}.Debug|Any CPU.ActiveCfg = Debug|Any CPU
		{3BD1DA3D-5011-D04E-7EA7-DE45DBDBCA0D}.Debug|Any CPU.Build.0 = Debug|Any CPU
		{3BD1DA3D-5011-D04E-7EA7-DE45DBDBCA0D}.Release|Any CPU.ActiveCfg = Release|Any CPU
		{3BD1DA3D-5011-D04E-7EA7-DE45DBDBCA0D}.Release|Any CPU.Build.0 = Release|Any CPU
		{A355DA21-C5EC-57DE-780A-C888C5B662E0}.Debug|Any CPU.ActiveCfg = Debug|Any CPU
		{A355DA21-C5EC-57DE-780A-C888C5B662E0}.Debug|Any CPU.Build.0 = Debug|Any CPU
		{A355DA21-C5EC-57DE-780A-C888C5B662E0}.Release|Any CPU.ActiveCfg = Release|Any CPU
		{A355DA21-C5EC-57DE-780A-C888C5B662E0}.Release|Any CPU.Build.0 = Release|Any CPU
		{F7816116-7740-44C9-D268-AF3880C03AAE}.Debug|Any CPU.ActiveCfg = Debug|Any CPU
		{F7816116-7740-44C9-D268-AF3880C03AAE}.Debug|Any CPU.Build.0 = Debug|Any CPU
		{F7816116-7740-44C9-D268-AF3880C03AAE}.Release|Any CPU.ActiveCfg = Release|Any CPU
		{F7816116-7740-44C9-D268-AF3880C03AAE}.Release|Any CPU.Build.0 = Release|Any CPU
		{B042E72D-6FCB-2636-25E4-4A409EED609E}.Debug|Any CPU.ActiveCfg = Debug|Any CPU
		{B042E72D-6FCB-2636-25E4-4A409EED609E}.Debug|Any CPU.Build.0 = Debug|Any CPU
		{B042E72D-6FCB-2636-25E4-4A409EED609E}.Release|Any CPU.ActiveCfg = Release|Any CPU
		{B042E72D-6FCB-2636-25E4-4A409EED609E}.Release|Any CPU.Build.0 = Release|Any CPU
		{517B7B2A-3C6C-B939-AAD6-3163CF99F66F}.Debug|Any CPU.ActiveCfg = Debug|Any CPU
		{517B7B2A-3C6C-B939-AAD6-3163CF99F66F}.Debug|Any CPU.Build.0 = Debug|Any CPU
		{517B7B2A-3C6C-B939-AAD6-3163CF99F66F}.Release|Any CPU.ActiveCfg = Release|Any CPU
		{517B7B2A-3C6C-B939-AAD6-3163CF99F66F}.Release|Any CPU.Build.0 = Release|Any CPU
		{090A8AE0-CAAE-C8A2-2186-AF268C83C07D}.Debug|Any CPU.ActiveCfg = Debug|Any CPU
		{090A8AE0-CAAE-C8A2-2186-AF268C83C07D}.Debug|Any CPU.Build.0 = Debug|Any CPU
		{090A8AE0-CAAE-C8A2-2186-AF268C83C07D}.Release|Any CPU.ActiveCfg = Release|Any CPU
		{090A8AE0-CAAE-C8A2-2186-AF268C83C07D}.Release|Any CPU.Build.0 = Release|Any CPU
		{3D4CA660-8B26-C8A1-52D6-F567E9AE9F00}.Debug|Any CPU.ActiveCfg = Debug|Any CPU
		{3D4CA660-8B26-C8A1-52D6-F567E9AE9F00}.Debug|Any CPU.Build.0 = Debug|Any CPU
		{3D4CA660-8B26-C8A1-52D6-F567E9AE9F00}.Release|Any CPU.ActiveCfg = Release|Any CPU
		{3D4CA660-8B26-C8A1-52D6-F567E9AE9F00}.Release|Any CPU.Build.0 = Release|Any CPU
		{E57F19CE-421A-719C-80D3-8EB9DF796E6C}.Debug|Any CPU.ActiveCfg = Debug|Any CPU
		{E57F19CE-421A-719C-80D3-8EB9DF796E6C}.Debug|Any CPU.Build.0 = Debug|Any CPU
		{E57F19CE-421A-719C-80D3-8EB9DF796E6C}.Release|Any CPU.ActiveCfg = Release|Any CPU
		{E57F19CE-421A-719C-80D3-8EB9DF796E6C}.Release|Any CPU.Build.0 = Release|Any CPU
		{8B2C44A0-D12C-B7CA-98F2-1A79AEA58669}.Debug|Any CPU.ActiveCfg = Debug|Any CPU
		{8B2C44A0-D12C-B7CA-98F2-1A79AEA58669}.Debug|Any CPU.Build.0 = Debug|Any CPU
		{8B2C44A0-D12C-B7CA-98F2-1A79AEA58669}.Release|Any CPU.ActiveCfg = Release|Any CPU
		{8B2C44A0-D12C-B7CA-98F2-1A79AEA58669}.Release|Any CPU.Build.0 = Release|Any CPU
		{69BE1F52-A18F-9D92-EF17-822BFC86704F}.Debug|Any CPU.ActiveCfg = Debug|Any CPU
		{69BE1F52-A18F-9D92-EF17-822BFC86704F}.Debug|Any CPU.Build.0 = Debug|Any CPU
		{69BE1F52-A18F-9D92-EF17-822BFC86704F}.Release|Any CPU.ActiveCfg = Release|Any CPU
		{69BE1F52-A18F-9D92-EF17-822BFC86704F}.Release|Any CPU.Build.0 = Release|Any CPU
		{DBE5A1CA-6D46-5260-0CD2-4A6C63A01E82}.Debug|Any CPU.ActiveCfg = Debug|Any CPU
		{DBE5A1CA-6D46-5260-0CD2-4A6C63A01E82}.Debug|Any CPU.Build.0 = Debug|Any CPU
		{DBE5A1CA-6D46-5260-0CD2-4A6C63A01E82}.Release|Any CPU.ActiveCfg = Release|Any CPU
		{DBE5A1CA-6D46-5260-0CD2-4A6C63A01E82}.Release|Any CPU.Build.0 = Release|Any CPU
		{5BDD3D4F-24FA-C46B-095B-36D9674EA309}.Debug|Any CPU.ActiveCfg = Debug|Any CPU
		{5BDD3D4F-24FA-C46B-095B-36D9674EA309}.Debug|Any CPU.Build.0 = Debug|Any CPU
		{5BDD3D4F-24FA-C46B-095B-36D9674EA309}.Release|Any CPU.ActiveCfg = Release|Any CPU
		{5BDD3D4F-24FA-C46B-095B-36D9674EA309}.Release|Any CPU.Build.0 = Release|Any CPU
		{3AE6B25F-610C-F199-6E9E-E6D837D59556}.Debug|Any CPU.ActiveCfg = Debug|Any CPU
		{3AE6B25F-610C-F199-6E9E-E6D837D59556}.Debug|Any CPU.Build.0 = Debug|Any CPU
		{3AE6B25F-610C-F199-6E9E-E6D837D59556}.Release|Any CPU.ActiveCfg = Release|Any CPU
		{3AE6B25F-610C-F199-6E9E-E6D837D59556}.Release|Any CPU.Build.0 = Release|Any CPU
		{6191D424-D51B-1866-5529-D9D4E5020DCA}.Debug|Any CPU.ActiveCfg = Debug|Any CPU
		{6191D424-D51B-1866-5529-D9D4E5020DCA}.Debug|Any CPU.Build.0 = Debug|Any CPU
		{6191D424-D51B-1866-5529-D9D4E5020DCA}.Release|Any CPU.ActiveCfg = Release|Any CPU
		{6191D424-D51B-1866-5529-D9D4E5020DCA}.Release|Any CPU.Build.0 = Release|Any CPU
		{13B0FB76-69C9-75B2-2F8F-A897D3A8DDE2}.Debug|Any CPU.ActiveCfg = Debug|Any CPU
		{13B0FB76-69C9-75B2-2F8F-A897D3A8DDE2}.Debug|Any CPU.Build.0 = Debug|Any CPU
		{13B0FB76-69C9-75B2-2F8F-A897D3A8DDE2}.Release|Any CPU.ActiveCfg = Release|Any CPU
		{13B0FB76-69C9-75B2-2F8F-A897D3A8DDE2}.Release|Any CPU.Build.0 = Release|Any CPU
		{94456020-FB63-8D72-AE80-746AD251CE6D}.Debug|Any CPU.ActiveCfg = Debug|Any CPU
		{94456020-FB63-8D72-AE80-746AD251CE6D}.Debug|Any CPU.Build.0 = Debug|Any CPU
		{94456020-FB63-8D72-AE80-746AD251CE6D}.Release|Any CPU.ActiveCfg = Release|Any CPU
		{94456020-FB63-8D72-AE80-746AD251CE6D}.Release|Any CPU.Build.0 = Release|Any CPU
		{0C281E3F-F062-7345-D86C-0AC44800692B}.Debug|Any CPU.ActiveCfg = Debug|Any CPU
		{0C281E3F-F062-7345-D86C-0AC44800692B}.Debug|Any CPU.Build.0 = Debug|Any CPU
		{0C281E3F-F062-7345-D86C-0AC44800692B}.Release|Any CPU.ActiveCfg = Release|Any CPU
		{0C281E3F-F062-7345-D86C-0AC44800692B}.Release|Any CPU.Build.0 = Release|Any CPU
		{5E09F71D-E62D-6794-0BC0-441AF399E659}.Debug|Any CPU.ActiveCfg = Debug|Any CPU
		{5E09F71D-E62D-6794-0BC0-441AF399E659}.Debug|Any CPU.Build.0 = Debug|Any CPU
		{5E09F71D-E62D-6794-0BC0-441AF399E659}.Release|Any CPU.ActiveCfg = Release|Any CPU
		{5E09F71D-E62D-6794-0BC0-441AF399E659}.Release|Any CPU.Build.0 = Release|Any CPU
		{86BB05CF-D382-03CA-FB32-E15C74A1702F}.Debug|Any CPU.ActiveCfg = Debug|Any CPU
		{86BB05CF-D382-03CA-FB32-E15C74A1702F}.Debug|Any CPU.Build.0 = Debug|Any CPU
		{86BB05CF-D382-03CA-FB32-E15C74A1702F}.Release|Any CPU.ActiveCfg = Release|Any CPU
		{86BB05CF-D382-03CA-FB32-E15C74A1702F}.Release|Any CPU.Build.0 = Release|Any CPU
		{83F8EFCE-A2BC-9852-98C5-A7FB25DBDF95}.Debug|Any CPU.ActiveCfg = Debug|Any CPU
		{83F8EFCE-A2BC-9852-98C5-A7FB25DBDF95}.Debug|Any CPU.Build.0 = Debug|Any CPU
		{83F8EFCE-A2BC-9852-98C5-A7FB25DBDF95}.Release|Any CPU.ActiveCfg = Release|Any CPU
		{83F8EFCE-A2BC-9852-98C5-A7FB25DBDF95}.Release|Any CPU.Build.0 = Release|Any CPU
		{12DD6B11-BA4E-476A-08B6-3FF90215378E}.Debug|Any CPU.ActiveCfg = Debug|Any CPU
		{12DD6B11-BA4E-476A-08B6-3FF90215378E}.Debug|Any CPU.Build.0 = Debug|Any CPU
		{12DD6B11-BA4E-476A-08B6-3FF90215378E}.Release|Any CPU.ActiveCfg = Release|Any CPU
		{12DD6B11-BA4E-476A-08B6-3FF90215378E}.Release|Any CPU.Build.0 = Release|Any CPU
		{04CF7D45-D636-569A-8735-6CE4379B3041}.Debug|Any CPU.ActiveCfg = Debug|Any CPU
		{04CF7D45-D636-569A-8735-6CE4379B3041}.Debug|Any CPU.Build.0 = Debug|Any CPU
		{04CF7D45-D636-569A-8735-6CE4379B3041}.Release|Any CPU.ActiveCfg = Release|Any CPU
		{04CF7D45-D636-569A-8735-6CE4379B3041}.Release|Any CPU.Build.0 = Release|Any CPU
		{3CFD7CD1-E2DE-C14B-02BA-C92A05BB4E50}.Debug|Any CPU.ActiveCfg = Debug|Any CPU
		{3CFD7CD1-E2DE-C14B-02BA-C92A05BB4E50}.Debug|Any CPU.Build.0 = Debug|Any CPU
		{3CFD7CD1-E2DE-C14B-02BA-C92A05BB4E50}.Release|Any CPU.ActiveCfg = Release|Any CPU
		{3CFD7CD1-E2DE-C14B-02BA-C92A05BB4E50}.Release|Any CPU.Build.0 = Release|Any CPU
		{9FA2CA38-D389-0DCD-F558-858689DC5BF9}.Debug|Any CPU.ActiveCfg = Debug|Any CPU
		{9FA2CA38-D389-0DCD-F558-858689DC5BF9}.Debug|Any CPU.Build.0 = Debug|Any CPU
		{9FA2CA38-D389-0DCD-F558-858689DC5BF9}.Release|Any CPU.ActiveCfg = Release|Any CPU
		{9FA2CA38-D389-0DCD-F558-858689DC5BF9}.Release|Any CPU.Build.0 = Release|Any CPU
		{1FBA5441-AB6C-04FF-FA36-ABBDBA984E8B}.Debug|Any CPU.ActiveCfg = Debug|Any CPU
		{1FBA5441-AB6C-04FF-FA36-ABBDBA984E8B}.Debug|Any CPU.Build.0 = Debug|Any CPU
		{1FBA5441-AB6C-04FF-FA36-ABBDBA984E8B}.Release|Any CPU.ActiveCfg = Release|Any CPU
		{1FBA5441-AB6C-04FF-FA36-ABBDBA984E8B}.Release|Any CPU.Build.0 = Release|Any CPU
		{289A3A2A-1C33-245E-40ED-AC96EF79D658}.Debug|Any CPU.ActiveCfg = Debug|Any CPU
		{289A3A2A-1C33-245E-40ED-AC96EF79D658}.Debug|Any CPU.Build.0 = Debug|Any CPU
		{289A3A2A-1C33-245E-40ED-AC96EF79D658}.Release|Any CPU.ActiveCfg = Release|Any CPU
		{289A3A2A-1C33-245E-40ED-AC96EF79D658}.Release|Any CPU.Build.0 = Release|Any CPU
		{18DA5512-4418-BFCA-B801-070A6D203306}.Debug|Any CPU.ActiveCfg = Debug|Any CPU
		{18DA5512-4418-BFCA-B801-070A6D203306}.Debug|Any CPU.Build.0 = Debug|Any CPU
		{18DA5512-4418-BFCA-B801-070A6D203306}.Release|Any CPU.ActiveCfg = Release|Any CPU
		{18DA5512-4418-BFCA-B801-070A6D203306}.Release|Any CPU.Build.0 = Release|Any CPU
		{A49DFE19-F784-DB4F-F144-3AB5832BF65C}.Debug|Any CPU.ActiveCfg = Debug|Any CPU
		{A49DFE19-F784-DB4F-F144-3AB5832BF65C}.Debug|Any CPU.Build.0 = Debug|Any CPU
		{A49DFE19-F784-DB4F-F144-3AB5832BF65C}.Release|Any CPU.ActiveCfg = Release|Any CPU
		{A49DFE19-F784-DB4F-F144-3AB5832BF65C}.Release|Any CPU.Build.0 = Release|Any CPU
		{6BCF0259-9CFB-7949-BF8D-FC28AF22FE7D}.Debug|Any CPU.ActiveCfg = Debug|Any CPU
		{6BCF0259-9CFB-7949-BF8D-FC28AF22FE7D}.Debug|Any CPU.Build.0 = Debug|Any CPU
		{6BCF0259-9CFB-7949-BF8D-FC28AF22FE7D}.Release|Any CPU.ActiveCfg = Release|Any CPU
		{6BCF0259-9CFB-7949-BF8D-FC28AF22FE7D}.Release|Any CPU.Build.0 = Release|Any CPU
		{52DA75D4-19C4-88A9-6BBE-5D1511FDDFA1}.Debug|Any CPU.ActiveCfg = Debug|Any CPU
		{52DA75D4-19C4-88A9-6BBE-5D1511FDDFA1}.Debug|Any CPU.Build.0 = Debug|Any CPU
		{52DA75D4-19C4-88A9-6BBE-5D1511FDDFA1}.Release|Any CPU.ActiveCfg = Release|Any CPU
		{52DA75D4-19C4-88A9-6BBE-5D1511FDDFA1}.Release|Any CPU.Build.0 = Release|Any CPU
		{BD8B926F-A3FF-1D82-93E6-634CBD7EC54D}.Debug|Any CPU.ActiveCfg = Debug|Any CPU
		{BD8B926F-A3FF-1D82-93E6-634CBD7EC54D}.Debug|Any CPU.Build.0 = Debug|Any CPU
		{BD8B926F-A3FF-1D82-93E6-634CBD7EC54D}.Release|Any CPU.ActiveCfg = Release|Any CPU
		{BD8B926F-A3FF-1D82-93E6-634CBD7EC54D}.Release|Any CPU.Build.0 = Release|Any CPU
		{3266DE2B-BECC-0C79-8F38-8476AFDB3A95}.Debug|Any CPU.ActiveCfg = Debug|Any CPU
		{3266DE2B-BECC-0C79-8F38-8476AFDB3A95}.Debug|Any CPU.Build.0 = Debug|Any CPU
		{3266DE2B-BECC-0C79-8F38-8476AFDB3A95}.Release|Any CPU.ActiveCfg = Release|Any CPU
		{3266DE2B-BECC-0C79-8F38-8476AFDB3A95}.Release|Any CPU.Build.0 = Release|Any CPU
		{7A5FAA09-29DD-176B-58E8-901AE7E0C96E}.Debug|Any CPU.ActiveCfg = Debug|Any CPU
		{7A5FAA09-29DD-176B-58E8-901AE7E0C96E}.Debug|Any CPU.Build.0 = Debug|Any CPU
		{7A5FAA09-29DD-176B-58E8-901AE7E0C96E}.Release|Any CPU.ActiveCfg = Release|Any CPU
		{7A5FAA09-29DD-176B-58E8-901AE7E0C96E}.Release|Any CPU.Build.0 = Release|Any CPU
		{345C8BAE-7CFB-5CFB-C037-161686A3DC39}.Debug|Any CPU.ActiveCfg = Debug|Any CPU
		{345C8BAE-7CFB-5CFB-C037-161686A3DC39}.Debug|Any CPU.Build.0 = Debug|Any CPU
		{345C8BAE-7CFB-5CFB-C037-161686A3DC39}.Release|Any CPU.ActiveCfg = Release|Any CPU
		{345C8BAE-7CFB-5CFB-C037-161686A3DC39}.Release|Any CPU.Build.0 = Release|Any CPU
		{7B46AD42-91CB-E677-920D-D295E793FA9C}.Debug|Any CPU.ActiveCfg = Debug|Any CPU
		{7B46AD42-91CB-E677-920D-D295E793FA9C}.Debug|Any CPU.Build.0 = Debug|Any CPU
		{7B46AD42-91CB-E677-920D-D295E793FA9C}.Release|Any CPU.ActiveCfg = Release|Any CPU
		{7B46AD42-91CB-E677-920D-D295E793FA9C}.Release|Any CPU.Build.0 = Release|Any CPU
		{E9A3069C-7B95-2FE6-61C2-3D7EBE0229F1}.Debug|Any CPU.ActiveCfg = Debug|Any CPU
		{E9A3069C-7B95-2FE6-61C2-3D7EBE0229F1}.Debug|Any CPU.Build.0 = Debug|Any CPU
		{E9A3069C-7B95-2FE6-61C2-3D7EBE0229F1}.Release|Any CPU.ActiveCfg = Release|Any CPU
		{E9A3069C-7B95-2FE6-61C2-3D7EBE0229F1}.Release|Any CPU.Build.0 = Release|Any CPU
		{21EC02DB-A0BD-13BE-177D-A7BAD97FA636}.Debug|Any CPU.ActiveCfg = Debug|Any CPU
		{21EC02DB-A0BD-13BE-177D-A7BAD97FA636}.Debug|Any CPU.Build.0 = Debug|Any CPU
		{21EC02DB-A0BD-13BE-177D-A7BAD97FA636}.Release|Any CPU.ActiveCfg = Release|Any CPU
		{21EC02DB-A0BD-13BE-177D-A7BAD97FA636}.Release|Any CPU.Build.0 = Release|Any CPU
		{673973AE-E54E-EBDD-1620-9628BDB6E4C2}.Debug|Any CPU.ActiveCfg = Debug|Any CPU
		{673973AE-E54E-EBDD-1620-9628BDB6E4C2}.Debug|Any CPU.Build.0 = Debug|Any CPU
		{673973AE-E54E-EBDD-1620-9628BDB6E4C2}.Release|Any CPU.ActiveCfg = Release|Any CPU
		{673973AE-E54E-EBDD-1620-9628BDB6E4C2}.Release|Any CPU.Build.0 = Release|Any CPU
		{501A3C55-27E8-7D19-F103-E2EDE8220736}.Debug|Any CPU.ActiveCfg = Debug|Any CPU
		{501A3C55-27E8-7D19-F103-E2EDE8220736}.Debug|Any CPU.Build.0 = Debug|Any CPU
		{501A3C55-27E8-7D19-F103-E2EDE8220736}.Release|Any CPU.ActiveCfg = Release|Any CPU
		{501A3C55-27E8-7D19-F103-E2EDE8220736}.Release|Any CPU.Build.0 = Release|Any CPU
		{0219806A-4150-3BA0-1854-4B7CCCBB0EA9}.Debug|Any CPU.ActiveCfg = Debug|Any CPU
		{0219806A-4150-3BA0-1854-4B7CCCBB0EA9}.Debug|Any CPU.Build.0 = Debug|Any CPU
		{0219806A-4150-3BA0-1854-4B7CCCBB0EA9}.Release|Any CPU.ActiveCfg = Release|Any CPU
		{0219806A-4150-3BA0-1854-4B7CCCBB0EA9}.Release|Any CPU.Build.0 = Release|Any CPU
		{C1F8B4D0-9DF3-B4B7-E652-73B46A7779FB}.Debug|Any CPU.ActiveCfg = Debug|Any CPU
		{C1F8B4D0-9DF3-B4B7-E652-73B46A7779FB}.Debug|Any CPU.Build.0 = Debug|Any CPU
		{C1F8B4D0-9DF3-B4B7-E652-73B46A7779FB}.Release|Any CPU.ActiveCfg = Release|Any CPU
		{C1F8B4D0-9DF3-B4B7-E652-73B46A7779FB}.Release|Any CPU.Build.0 = Release|Any CPU
		{D5E246C3-4B16-29EA-9AF6-D7A9269FCBDE}.Debug|Any CPU.ActiveCfg = Debug|Any CPU
		{D5E246C3-4B16-29EA-9AF6-D7A9269FCBDE}.Debug|Any CPU.Build.0 = Debug|Any CPU
		{D5E246C3-4B16-29EA-9AF6-D7A9269FCBDE}.Release|Any CPU.ActiveCfg = Release|Any CPU
		{D5E246C3-4B16-29EA-9AF6-D7A9269FCBDE}.Release|Any CPU.Build.0 = Release|Any CPU
		{8E14E07F-700E-7AE2-026B-5C0D1E2D19A8}.Debug|Any CPU.ActiveCfg = Debug|Any CPU
		{8E14E07F-700E-7AE2-026B-5C0D1E2D19A8}.Debug|Any CPU.Build.0 = Debug|Any CPU
		{8E14E07F-700E-7AE2-026B-5C0D1E2D19A8}.Release|Any CPU.ActiveCfg = Release|Any CPU
		{8E14E07F-700E-7AE2-026B-5C0D1E2D19A8}.Release|Any CPU.Build.0 = Release|Any CPU
		{FB0CAC63-511A-AFEC-719D-5D8FE3B404FD}.Debug|Any CPU.ActiveCfg = Debug|Any CPU
		{FB0CAC63-511A-AFEC-719D-5D8FE3B404FD}.Debug|Any CPU.Build.0 = Debug|Any CPU
		{FB0CAC63-511A-AFEC-719D-5D8FE3B404FD}.Release|Any CPU.ActiveCfg = Release|Any CPU
		{FB0CAC63-511A-AFEC-719D-5D8FE3B404FD}.Release|Any CPU.Build.0 = Release|Any CPU
		{716F55B9-4E36-81E0-9B6D-9B91ADC9C683}.Debug|Any CPU.ActiveCfg = Debug|Any CPU
		{716F55B9-4E36-81E0-9B6D-9B91ADC9C683}.Debug|Any CPU.Build.0 = Debug|Any CPU
		{716F55B9-4E36-81E0-9B6D-9B91ADC9C683}.Release|Any CPU.ActiveCfg = Release|Any CPU
		{716F55B9-4E36-81E0-9B6D-9B91ADC9C683}.Release|Any CPU.Build.0 = Release|Any CPU
		{991DFB62-73D8-B40A-25E7-16A477315045}.Debug|Any CPU.ActiveCfg = Debug|Any CPU
		{991DFB62-73D8-B40A-25E7-16A477315045}.Debug|Any CPU.Build.0 = Debug|Any CPU
		{991DFB62-73D8-B40A-25E7-16A477315045}.Release|Any CPU.ActiveCfg = Release|Any CPU
		{991DFB62-73D8-B40A-25E7-16A477315045}.Release|Any CPU.Build.0 = Release|Any CPU
		{12081CFF-21BB-1B89-3387-D10AE3411496}.Debug|Any CPU.ActiveCfg = Debug|Any CPU
		{12081CFF-21BB-1B89-3387-D10AE3411496}.Debug|Any CPU.Build.0 = Debug|Any CPU
		{12081CFF-21BB-1B89-3387-D10AE3411496}.Release|Any CPU.ActiveCfg = Release|Any CPU
		{12081CFF-21BB-1B89-3387-D10AE3411496}.Release|Any CPU.Build.0 = Release|Any CPU
		{85E9EE76-839E-5798-C581-70BE4B949D64}.Debug|Any CPU.ActiveCfg = Debug|Any CPU
		{85E9EE76-839E-5798-C581-70BE4B949D64}.Debug|Any CPU.Build.0 = Debug|Any CPU
		{85E9EE76-839E-5798-C581-70BE4B949D64}.Release|Any CPU.ActiveCfg = Release|Any CPU
		{85E9EE76-839E-5798-C581-70BE4B949D64}.Release|Any CPU.Build.0 = Release|Any CPU
		{FF62A279-FAD6-E66C-8B19-960645FFBAA9}.Debug|Any CPU.ActiveCfg = Debug|Any CPU
		{FF62A279-FAD6-E66C-8B19-960645FFBAA9}.Debug|Any CPU.Build.0 = Debug|Any CPU
		{FF62A279-FAD6-E66C-8B19-960645FFBAA9}.Release|Any CPU.ActiveCfg = Release|Any CPU
		{FF62A279-FAD6-E66C-8B19-960645FFBAA9}.Release|Any CPU.Build.0 = Release|Any CPU
		{3768170B-CDF4-53BE-DEA5-863D7ABA30EC}.Debug|Any CPU.ActiveCfg = Debug|Any CPU
		{3768170B-CDF4-53BE-DEA5-863D7ABA30EC}.Debug|Any CPU.Build.0 = Debug|Any CPU
		{3768170B-CDF4-53BE-DEA5-863D7ABA30EC}.Release|Any CPU.ActiveCfg = Release|Any CPU
		{3768170B-CDF4-53BE-DEA5-863D7ABA30EC}.Release|Any CPU.Build.0 = Release|Any CPU
		{3D57DB8E-7BD4-D920-F0C0-4A0B5C73D012}.Debug|Any CPU.ActiveCfg = Debug|Any CPU
		{3D57DB8E-7BD4-D920-F0C0-4A0B5C73D012}.Debug|Any CPU.Build.0 = Debug|Any CPU
		{3D57DB8E-7BD4-D920-F0C0-4A0B5C73D012}.Release|Any CPU.ActiveCfg = Release|Any CPU
		{3D57DB8E-7BD4-D920-F0C0-4A0B5C73D012}.Release|Any CPU.Build.0 = Release|Any CPU
		{D0D3FA5C-BFE2-04A3-B39C-23ACAF9C0B37}.Debug|Any CPU.ActiveCfg = Debug|Any CPU
		{D0D3FA5C-BFE2-04A3-B39C-23ACAF9C0B37}.Debug|Any CPU.Build.0 = Debug|Any CPU
		{D0D3FA5C-BFE2-04A3-B39C-23ACAF9C0B37}.Release|Any CPU.ActiveCfg = Release|Any CPU
		{D0D3FA5C-BFE2-04A3-B39C-23ACAF9C0B37}.Release|Any CPU.Build.0 = Release|Any CPU
		{806C9621-CECF-508F-D5C1-68C1BB5B9A5F}.Debug|Any CPU.ActiveCfg = Debug|Any CPU
		{806C9621-CECF-508F-D5C1-68C1BB5B9A5F}.Debug|Any CPU.Build.0 = Debug|Any CPU
		{806C9621-CECF-508F-D5C1-68C1BB5B9A5F}.Release|Any CPU.ActiveCfg = Release|Any CPU
		{806C9621-CECF-508F-D5C1-68C1BB5B9A5F}.Release|Any CPU.Build.0 = Release|Any CPU
		{6C972B64-0216-3778-547D-75E928A2B02D}.Debug|Any CPU.ActiveCfg = Debug|Any CPU
		{6C972B64-0216-3778-547D-75E928A2B02D}.Debug|Any CPU.Build.0 = Debug|Any CPU
		{6C972B64-0216-3778-547D-75E928A2B02D}.Release|Any CPU.ActiveCfg = Release|Any CPU
		{6C972B64-0216-3778-547D-75E928A2B02D}.Release|Any CPU.Build.0 = Release|Any CPU
		{E2F899B2-D830-6525-9EA4-69DB9C179301}.Debug|Any CPU.ActiveCfg = Debug|Any CPU
		{E2F899B2-D830-6525-9EA4-69DB9C179301}.Debug|Any CPU.Build.0 = Debug|Any CPU
		{E2F899B2-D830-6525-9EA4-69DB9C179301}.Release|Any CPU.ActiveCfg = Release|Any CPU
		{E2F899B2-D830-6525-9EA4-69DB9C179301}.Release|Any CPU.Build.0 = Release|Any CPU
		{BE607C54-C7AA-2567-BFB7-75BE80EB1C4B}.Debug|Any CPU.ActiveCfg = Debug|Any CPU
		{BE607C54-C7AA-2567-BFB7-75BE80EB1C4B}.Debug|Any CPU.Build.0 = Debug|Any CPU
		{BE607C54-C7AA-2567-BFB7-75BE80EB1C4B}.Release|Any CPU.ActiveCfg = Release|Any CPU
		{BE607C54-C7AA-2567-BFB7-75BE80EB1C4B}.Release|Any CPU.Build.0 = Release|Any CPU
		{EFF0B231-B135-FA09-2793-19ABB7622BFC}.Debug|Any CPU.ActiveCfg = Debug|Any CPU
		{EFF0B231-B135-FA09-2793-19ABB7622BFC}.Debug|Any CPU.Build.0 = Debug|Any CPU
		{EFF0B231-B135-FA09-2793-19ABB7622BFC}.Release|Any CPU.ActiveCfg = Release|Any CPU
		{EFF0B231-B135-FA09-2793-19ABB7622BFC}.Release|Any CPU.Build.0 = Release|Any CPU
		{20A7019F-9713-7047-EFB9-D5849DEBCB1A}.Debug|Any CPU.ActiveCfg = Debug|Any CPU
		{20A7019F-9713-7047-EFB9-D5849DEBCB1A}.Debug|Any CPU.Build.0 = Debug|Any CPU
		{20A7019F-9713-7047-EFB9-D5849DEBCB1A}.Release|Any CPU.ActiveCfg = Release|Any CPU
		{20A7019F-9713-7047-EFB9-D5849DEBCB1A}.Release|Any CPU.Build.0 = Release|Any CPU
		{165DA004-9F00-3E41-5A31-77AE74CA3C17}.Debug|Any CPU.ActiveCfg = Debug|Any CPU
		{165DA004-9F00-3E41-5A31-77AE74CA3C17}.Debug|Any CPU.Build.0 = Debug|Any CPU
		{165DA004-9F00-3E41-5A31-77AE74CA3C17}.Release|Any CPU.ActiveCfg = Release|Any CPU
		{165DA004-9F00-3E41-5A31-77AE74CA3C17}.Release|Any CPU.Build.0 = Release|Any CPU
		{936CCBD8-C821-8C42-65BB-F3BD9539A473}.Debug|Any CPU.ActiveCfg = Debug|Any CPU
		{936CCBD8-C821-8C42-65BB-F3BD9539A473}.Debug|Any CPU.Build.0 = Debug|Any CPU
		{936CCBD8-C821-8C42-65BB-F3BD9539A473}.Release|Any CPU.ActiveCfg = Release|Any CPU
		{936CCBD8-C821-8C42-65BB-F3BD9539A473}.Release|Any CPU.Build.0 = Release|Any CPU
		{2F83672C-BD14-FC51-72EA-79C87198EDB6}.Debug|Any CPU.ActiveCfg = Debug|Any CPU
		{2F83672C-BD14-FC51-72EA-79C87198EDB6}.Debug|Any CPU.Build.0 = Debug|Any CPU
		{2F83672C-BD14-FC51-72EA-79C87198EDB6}.Release|Any CPU.ActiveCfg = Release|Any CPU
		{2F83672C-BD14-FC51-72EA-79C87198EDB6}.Release|Any CPU.Build.0 = Release|Any CPU
		{06D57AF6-D866-3F0E-1099-360CC72A4AD6}.Debug|Any CPU.ActiveCfg = Debug|Any CPU
		{06D57AF6-D866-3F0E-1099-360CC72A4AD6}.Debug|Any CPU.Build.0 = Debug|Any CPU
		{06D57AF6-D866-3F0E-1099-360CC72A4AD6}.Release|Any CPU.ActiveCfg = Release|Any CPU
		{06D57AF6-D866-3F0E-1099-360CC72A4AD6}.Release|Any CPU.Build.0 = Release|Any CPU
		{8F365748-07F6-18A7-1A0B-FF005A764029}.Debug|Any CPU.ActiveCfg = Debug|Any CPU
		{8F365748-07F6-18A7-1A0B-FF005A764029}.Debug|Any CPU.Build.0 = Debug|Any CPU
		{8F365748-07F6-18A7-1A0B-FF005A764029}.Release|Any CPU.ActiveCfg = Release|Any CPU
		{8F365748-07F6-18A7-1A0B-FF005A764029}.Release|Any CPU.Build.0 = Release|Any CPU
		{64F978D2-91E0-72F8-142D-FEABF6ED0F8C}.Debug|Any CPU.ActiveCfg = Debug|Any CPU
		{64F978D2-91E0-72F8-142D-FEABF6ED0F8C}.Debug|Any CPU.Build.0 = Debug|Any CPU
		{64F978D2-91E0-72F8-142D-FEABF6ED0F8C}.Release|Any CPU.ActiveCfg = Release|Any CPU
		{64F978D2-91E0-72F8-142D-FEABF6ED0F8C}.Release|Any CPU.Build.0 = Release|Any CPU
		{E4421510-5D7E-A09B-5294-43C91AA8BD0F}.Debug|Any CPU.ActiveCfg = Debug|Any CPU
		{E4421510-5D7E-A09B-5294-43C91AA8BD0F}.Debug|Any CPU.Build.0 = Debug|Any CPU
		{E4421510-5D7E-A09B-5294-43C91AA8BD0F}.Release|Any CPU.ActiveCfg = Release|Any CPU
		{E4421510-5D7E-A09B-5294-43C91AA8BD0F}.Release|Any CPU.Build.0 = Release|Any CPU
		{CDCDE063-8D97-8E24-FF6B-19888D4936C1}.Debug|Any CPU.ActiveCfg = Debug|Any CPU
		{CDCDE063-8D97-8E24-FF6B-19888D4936C1}.Debug|Any CPU.Build.0 = Debug|Any CPU
		{CDCDE063-8D97-8E24-FF6B-19888D4936C1}.Release|Any CPU.ActiveCfg = Release|Any CPU
		{CDCDE063-8D97-8E24-FF6B-19888D4936C1}.Release|Any CPU.Build.0 = Release|Any CPU
		{EB936AEE-3583-99B3-9BC9-162EE4777A9D}.Debug|Any CPU.ActiveCfg = Debug|Any CPU
		{EB936AEE-3583-99B3-9BC9-162EE4777A9D}.Debug|Any CPU.Build.0 = Debug|Any CPU
		{EB936AEE-3583-99B3-9BC9-162EE4777A9D}.Release|Any CPU.ActiveCfg = Release|Any CPU
		{EB936AEE-3583-99B3-9BC9-162EE4777A9D}.Release|Any CPU.Build.0 = Release|Any CPU
		{D23FBBF6-3231-7301-85FF-3CE418C3D5C8}.Debug|Any CPU.ActiveCfg = Debug|Any CPU
		{D23FBBF6-3231-7301-85FF-3CE418C3D5C8}.Debug|Any CPU.Build.0 = Debug|Any CPU
		{D23FBBF6-3231-7301-85FF-3CE418C3D5C8}.Release|Any CPU.ActiveCfg = Release|Any CPU
		{D23FBBF6-3231-7301-85FF-3CE418C3D5C8}.Release|Any CPU.Build.0 = Release|Any CPU
		{F95A1CD6-F657-9016-A6CC-CA451C242EAF}.Debug|Any CPU.ActiveCfg = Debug|Any CPU
		{F95A1CD6-F657-9016-A6CC-CA451C242EAF}.Debug|Any CPU.Build.0 = Debug|Any CPU
		{F95A1CD6-F657-9016-A6CC-CA451C242EAF}.Release|Any CPU.ActiveCfg = Release|Any CPU
		{F95A1CD6-F657-9016-A6CC-CA451C242EAF}.Release|Any CPU.Build.0 = Release|Any CPU
		{8A603622-541A-9E3F-DA79-1969FAA8D0BA}.Debug|Any CPU.ActiveCfg = Debug|Any CPU
		{8A603622-541A-9E3F-DA79-1969FAA8D0BA}.Debug|Any CPU.Build.0 = Debug|Any CPU
		{8A603622-541A-9E3F-DA79-1969FAA8D0BA}.Release|Any CPU.ActiveCfg = Release|Any CPU
		{8A603622-541A-9E3F-DA79-1969FAA8D0BA}.Release|Any CPU.Build.0 = Release|Any CPU
		{168281C9-BD12-527A-2F44-F0FFB9632C5D}.Debug|Any CPU.ActiveCfg = Debug|Any CPU
		{168281C9-BD12-527A-2F44-F0FFB9632C5D}.Debug|Any CPU.Build.0 = Debug|Any CPU
		{168281C9-BD12-527A-2F44-F0FFB9632C5D}.Release|Any CPU.ActiveCfg = Release|Any CPU
		{168281C9-BD12-527A-2F44-F0FFB9632C5D}.Release|Any CPU.Build.0 = Release|Any CPU
		{23227A9D-CDF5-0437-F939-F7A5FD16CF4A}.Debug|Any CPU.ActiveCfg = Debug|Any CPU
		{23227A9D-CDF5-0437-F939-F7A5FD16CF4A}.Debug|Any CPU.Build.0 = Debug|Any CPU
		{23227A9D-CDF5-0437-F939-F7A5FD16CF4A}.Release|Any CPU.ActiveCfg = Release|Any CPU
		{23227A9D-CDF5-0437-F939-F7A5FD16CF4A}.Release|Any CPU.Build.0 = Release|Any CPU
		{CAFA5F3F-3BAF-8652-D26B-50A285E1931C}.Debug|Any CPU.ActiveCfg = Debug|Any CPU
		{CAFA5F3F-3BAF-8652-D26B-50A285E1931C}.Debug|Any CPU.Build.0 = Debug|Any CPU
		{CAFA5F3F-3BAF-8652-D26B-50A285E1931C}.Release|Any CPU.ActiveCfg = Release|Any CPU
		{CAFA5F3F-3BAF-8652-D26B-50A285E1931C}.Release|Any CPU.Build.0 = Release|Any CPU
		{C1DFE987-1692-3934-0D8D-91A053167034}.Debug|Any CPU.ActiveCfg = Debug|Any CPU
		{C1DFE987-1692-3934-0D8D-91A053167034}.Debug|Any CPU.Build.0 = Debug|Any CPU
		{C1DFE987-1692-3934-0D8D-91A053167034}.Release|Any CPU.ActiveCfg = Release|Any CPU
		{C1DFE987-1692-3934-0D8D-91A053167034}.Release|Any CPU.Build.0 = Release|Any CPU
		{D6F7D249-8E32-3B62-5791-A031B596F599}.Debug|Any CPU.ActiveCfg = Debug|Any CPU
		{D6F7D249-8E32-3B62-5791-A031B596F599}.Debug|Any CPU.Build.0 = Debug|Any CPU
		{D6F7D249-8E32-3B62-5791-A031B596F599}.Release|Any CPU.ActiveCfg = Release|Any CPU
		{D6F7D249-8E32-3B62-5791-A031B596F599}.Release|Any CPU.Build.0 = Release|Any CPU
		{AF71A375-7883-3B7B-42E1-D7F16F8B999D}.Debug|Any CPU.ActiveCfg = Debug|Any CPU
		{AF71A375-7883-3B7B-42E1-D7F16F8B999D}.Debug|Any CPU.Build.0 = Debug|Any CPU
		{AF71A375-7883-3B7B-42E1-D7F16F8B999D}.Release|Any CPU.ActiveCfg = Release|Any CPU
		{AF71A375-7883-3B7B-42E1-D7F16F8B999D}.Release|Any CPU.Build.0 = Release|Any CPU
		{374B8778-2411-8682-2E68-80CC3DB649FF}.Debug|Any CPU.ActiveCfg = Debug|Any CPU
		{374B8778-2411-8682-2E68-80CC3DB649FF}.Debug|Any CPU.Build.0 = Debug|Any CPU
		{374B8778-2411-8682-2E68-80CC3DB649FF}.Release|Any CPU.ActiveCfg = Release|Any CPU
		{374B8778-2411-8682-2E68-80CC3DB649FF}.Release|Any CPU.Build.0 = Release|Any CPU
		{7D51825E-C41F-096D-5C35-DB3A0B653E08}.Debug|Any CPU.ActiveCfg = Debug|Any CPU
		{7D51825E-C41F-096D-5C35-DB3A0B653E08}.Debug|Any CPU.Build.0 = Debug|Any CPU
		{7D51825E-C41F-096D-5C35-DB3A0B653E08}.Release|Any CPU.ActiveCfg = Release|Any CPU
		{7D51825E-C41F-096D-5C35-DB3A0B653E08}.Release|Any CPU.Build.0 = Release|Any CPU
		{1021F038-398D-A18E-5766-762680A7105A}.Debug|Any CPU.ActiveCfg = Debug|Any CPU
		{1021F038-398D-A18E-5766-762680A7105A}.Debug|Any CPU.Build.0 = Debug|Any CPU
		{1021F038-398D-A18E-5766-762680A7105A}.Release|Any CPU.ActiveCfg = Release|Any CPU
		{1021F038-398D-A18E-5766-762680A7105A}.Release|Any CPU.Build.0 = Release|Any CPU
		{FCC59588-B66A-6709-71BE-CA0EEC01912D}.Debug|Any CPU.ActiveCfg = Debug|Any CPU
		{FCC59588-B66A-6709-71BE-CA0EEC01912D}.Debug|Any CPU.Build.0 = Debug|Any CPU
		{FCC59588-B66A-6709-71BE-CA0EEC01912D}.Release|Any CPU.ActiveCfg = Release|Any CPU
		{FCC59588-B66A-6709-71BE-CA0EEC01912D}.Release|Any CPU.Build.0 = Release|Any CPU
		{CBEC3523-476B-5456-6F15-7AAA4B6EE89F}.Debug|Any CPU.ActiveCfg = Debug|Any CPU
		{CBEC3523-476B-5456-6F15-7AAA4B6EE89F}.Debug|Any CPU.Build.0 = Debug|Any CPU
		{CBEC3523-476B-5456-6F15-7AAA4B6EE89F}.Release|Any CPU.ActiveCfg = Release|Any CPU
		{CBEC3523-476B-5456-6F15-7AAA4B6EE89F}.Release|Any CPU.Build.0 = Release|Any CPU
	EndGlobalSection
	GlobalSection(SolutionProperties) = preSolution
		HideSolutionNode = FALSE
	EndGlobalSection
EndGlobal
